
Microsoft Visual Studio Solution File, Format Version 12.00
# Visual Studio Version 16
VisualStudioVersion = 16.0.30011.22
MinimumVisualStudioVersion = 10.0.40219.1
Project("{9A19103F-16F7-4668-BE54-9A1E7A4F7556}") = "Farm", "SingleInheritance\Farm.csproj", "{44FDE9CE-8B1B-4C32-B579-D466513076B0}"
EndProject
Project("{9A19103F-16F7-4668-BE54-9A1E7A4F7556}") = "CustomRandomList", "CustomRandomList\CustomRandomList.csproj", "{88E6C93D-73BD-4682-B0C1-EF37E799135F}"
EndProject
Project("{9A19103F-16F7-4668-BE54-9A1E7A4F7556}") = "CustomStack", "CustomStack\CustomStack.csproj", "{D83CA5F2-4233-4840-94E4-5D521269D08C}"
EndProject
Project("{2150E333-8FDC-42A3-9474-1A3956D46DE8}") = "Inheritance", "Inheritance", "{C7FC9742-2880-448A-ABDA-C729B030298B}"
EndProject
Project("{9A19103F-16F7-4668-BE54-9A1E7A4F7556}") = "People", "Person\People.csproj", "{24F9B55F-A5D8-4CFA-950F-0269226D9E4B}"
EndProject
Project("{9A19103F-16F7-4668-BE54-9A1E7A4F7556}") = "Zoo", "Zoo\Zoo.csproj", "{700F5A37-BA40-417D-BCD4-22F84AA86131}"
EndProject
Project("{9A19103F-16F7-4668-BE54-9A1E7A4F7556}") = "PlayersAndMonsters", "PlayersAndMonsters\PlayersAndMonsters.csproj", "{C8F1ABD9-0486-4C8D-A683-C93D6B44FD03}"
EndProject
Project("{9A19103F-16F7-4668-BE54-9A1E7A4F7556}") = "NeedForSpeed", "NeedForSpeed\NeedForSpeed.csproj", "{900D136B-A4E3-4D9C-80AF-D5E2B97198EA}"
EndProject
Project("{9A19103F-16F7-4668-BE54-9A1E7A4F7556}") = "Restaurant", "Restaurant\Restaurant.csproj", "{C7DEC889-C2F9-4A60-8DB7-5AF51BDCBE60}"
EndProject
Project("{9A19103F-16F7-4668-BE54-9A1E7A4F7556}") = "_Animals", "Animals\_Animals.csproj", "{759186AA-9579-4ADF-A334-A52B15204194}"
EndProject
Project("{2150E333-8FDC-42A3-9474-1A3956D46DE8}") = "Encapsulation", "Encapsulation", "{1CA185B8-D5EE-4A0E-9E25-AFC05B49B14A}"
EndProject
Project("{9A19103F-16F7-4668-BE54-9A1E7A4F7556}") = "PersonsInfo", "PersonsInfo\PersonsInfo.csproj", "{C1399089-466B-4E0B-8889-B3E9CA76C6E6}"
EndProject
Project("{9A19103F-16F7-4668-BE54-9A1E7A4F7556}") = "ClassBoxData", "ClassBoxData\ClassBoxData.csproj", "{438CFC6E-BCD8-421E-8AFB-D6BF168A4912}"
EndProject
Project("{9A19103F-16F7-4668-BE54-9A1E7A4F7556}") = "ShoppingSpree", "ShoppingSpree\ShoppingSpree.csproj", "{DBD26A11-ABA3-497A-ADF6-1451762B768D}"
EndProject
Project("{9A19103F-16F7-4668-BE54-9A1E7A4F7556}") = "Pizza", "PizzaCalories\Pizza.csproj", "{EF6AB0A2-9EB8-4812-BE70-1AD1527FCEBE}"
EndProject
Project("{9A19103F-16F7-4668-BE54-9A1E7A4F7556}") = "FootballTeamGenerator", "FootballTeamGenerator\FootballTeamGenerator.csproj", "{2242783A-8B4D-4110-A0E8-5F2F9D454C2A}"
EndProject
Project("{2150E333-8FDC-42A3-9474-1A3956D46DE8}") = "InterfacesAndAbstraction", "InterfacesAndAbstraction", "{0C9C0934-8482-4A2F-92AC-FF60F026215E}"
EndProject
Project("{9A19103F-16F7-4668-BE54-9A1E7A4F7556}") = "Cars", "Cars\Cars.csproj", "{A661AF07-86DA-4EE5-8FE4-B0D2F69A4678}"
EndProject
Project("{9A19103F-16F7-4668-BE54-9A1E7A4F7556}") = "PersonInfo", "PersonInfo\PersonInfo.csproj", "{621A1125-314C-46B8-B27D-23E3C8C9FF69}"
EndProject
Project("{9A19103F-16F7-4668-BE54-9A1E7A4F7556}") = "Telephony", "Telephony\Telephony.csproj", "{4FBD48FB-0036-4C17-AE81-79C92CA2F2EC}"
EndProject
Project("{9A19103F-16F7-4668-BE54-9A1E7A4F7556}") = "BorderControl", "BorderControl\BorderControl.csproj", "{5981841B-A3CF-49FE-9F90-59B8AF8A4BE6}"
EndProject
Project("{9A19103F-16F7-4668-BE54-9A1E7A4F7556}") = "BirthdayCelebrations", "BirthdayCelebrations\BirthdayCelebrations.csproj", "{BAE065CC-526E-44CF-AA73-663227F743BF}"
EndProject
Project("{9A19103F-16F7-4668-BE54-9A1E7A4F7556}") = "FoodShortage", "FoodShortage\FoodShortage.csproj", "{6DD64476-15A7-4BE6-9F1D-510D71DE7F12}"
EndProject
Project("{9A19103F-16F7-4668-BE54-9A1E7A4F7556}") = "MilitaryElite", "MilitaryElite\MilitaryElite.csproj", "{CC480C53-C4EB-4473-BA34-764BC3AC1D3C}"
EndProject
Project("{9A19103F-16F7-4668-BE54-9A1E7A4F7556}") = "CollectionHierarchy", "CollectionHierarchy\CollectionHierarchy.csproj", "{8179814C-4CA7-49BF-94D6-1917A08BC1CE}"
EndProject
Project("{9A19103F-16F7-4668-BE54-9A1E7A4F7556}") = "ExplicitInterfaces", "ExplicitInterfaces\ExplicitInterfaces.csproj", "{031161D7-A182-4A68-BF81-0EB5DD3FDAAD}"
EndProject
Project("{2150E333-8FDC-42A3-9474-1A3956D46DE8}") = "Polymorphism", "Polymorphism", "{3E994860-B4A3-4080-A35B-4857CA8ADCB4}"
EndProject
Project("{9A19103F-16F7-4668-BE54-9A1E7A4F7556}") = "Operations", "Operations\Operations.csproj", "{D4470117-7E42-4C68-B3E6-29A42C16EE87}"
EndProject
Project("{9A19103F-16F7-4668-BE54-9A1E7A4F7556}") = "Animals", "Animals\Animals.csproj", "{A4CF6DAF-6D63-4638-9B7A-5C7F55CFE7B8}"
EndProject
Project("{9A19103F-16F7-4668-BE54-9A1E7A4F7556}") = "Shapes", "Shapes\Shapes.csproj", "{88375B16-EDF1-4BD3-A7CE-AB4180C1D771}"
EndProject
Project("{9A19103F-16F7-4668-BE54-9A1E7A4F7556}") = "Vehicles", "Vehicles\Vehicles.csproj", "{9967679E-0852-49BE-A1CE-EACADCDB08C0}"
EndProject
Project("{9A19103F-16F7-4668-BE54-9A1E7A4F7556}") = "Raiding", "Raiding\Raiding.csproj", "{B31AB86B-9D59-4498-A58E-BB98DE78D043}"
EndProject
Project("{9A19103F-16F7-4668-BE54-9A1E7A4F7556}") = "WildFarm", "WildFarm\WildFarm.csproj", "{3608062E-6EDD-4BAD-9A91-AA1F7B14A6E2}"
EndProject
Project("{2150E333-8FDC-42A3-9474-1A3956D46DE8}") = "SOLID", "SOLID", "{BAFC40CB-CE0E-43F6-926F-1EBF7325929D}"
EndProject
Project("{9A19103F-16F7-4668-BE54-9A1E7A4F7556}") = "logginglibrary", "logginglibrary\logginglibrary.csproj", "{C737AAF2-6B14-4F23-ACF0-EB318B1F44E5}"
EndProject
Project("{2150E333-8FDC-42A3-9474-1A3956D46DE8}") = "Reflection", "Reflection", "{E9153F60-5A48-4887-9F70-3CC323C2162F}"
EndProject
Project("{9A19103F-16F7-4668-BE54-9A1E7A4F7556}") = "Stealer", "Stealer\Stealer.csproj", "{429D7C1D-04D4-453B-825C-8E0CFB2C3BF0}"
EndProject
Project("{9A19103F-16F7-4668-BE54-9A1E7A4F7556}") = "Spy", "Spy\Spy.csproj", "{0199E105-9204-4BA2-8FB7-B533425E3F93}"
EndProject
Project("{2150E333-8FDC-42A3-9474-1A3956D46DE8}") = "DesignPatterns", "DesignPatterns", "{D0570B85-C8CB-4835-8AF2-13926117DF34}"
EndProject
Project("{9A19103F-16F7-4668-BE54-9A1E7A4F7556}") = "SingletonDemo", "Singleton\SingletonDemo.csproj", "{B3C70528-73E1-4A24-BA75-48D4B95DE603}"
EndProject
Project("{9A19103F-16F7-4668-BE54-9A1E7A4F7556}") = "Facade", "Facade\Facade.csproj", "{9716FFE7-3617-4E04-B2ED-937439E7A064}"
EndProject
Project("{9A19103F-16F7-4668-BE54-9A1E7A4F7556}") = "CommandPattern", "CommandPattern\CommandPattern.csproj", "{1ECE63FD-9171-497A-B9E5-DCFA0F929E6E}"
EndProject
Project("{9A19103F-16F7-4668-BE54-9A1E7A4F7556}") = "Prototype", "Prototype\Prototype.csproj", "{01734D1D-32E3-4BF8-A541-C723FBC4604E}"
EndProject
Project("{FAE04EC0-301F-11D3-BF4B-00C04F79EFBC}") = "Composite", "Composite\Composite.csproj", "{1316DDE3-0A2E-4332-99EC-E77BA2731E30}"
EndProject
Project("{FAE04EC0-301F-11D3-BF4B-00C04F79EFBC}") = "TemplatePattern", "TemplatePattern\TemplatePattern.csproj", "{31B116D8-9221-4D56-8A0B-69062B6A1127}"
EndProject
Global
	GlobalSection(SolutionConfigurationPlatforms) = preSolution
		Debug|Any CPU = Debug|Any CPU
		Release|Any CPU = Release|Any CPU
	EndGlobalSection
	GlobalSection(ProjectConfigurationPlatforms) = postSolution
		{44FDE9CE-8B1B-4C32-B579-D466513076B0}.Debug|Any CPU.ActiveCfg = Debug|Any CPU
		{44FDE9CE-8B1B-4C32-B579-D466513076B0}.Debug|Any CPU.Build.0 = Debug|Any CPU
		{44FDE9CE-8B1B-4C32-B579-D466513076B0}.Release|Any CPU.ActiveCfg = Release|Any CPU
		{44FDE9CE-8B1B-4C32-B579-D466513076B0}.Release|Any CPU.Build.0 = Release|Any CPU
		{88E6C93D-73BD-4682-B0C1-EF37E799135F}.Debug|Any CPU.ActiveCfg = Debug|Any CPU
		{88E6C93D-73BD-4682-B0C1-EF37E799135F}.Debug|Any CPU.Build.0 = Debug|Any CPU
		{88E6C93D-73BD-4682-B0C1-EF37E799135F}.Release|Any CPU.ActiveCfg = Release|Any CPU
		{88E6C93D-73BD-4682-B0C1-EF37E799135F}.Release|Any CPU.Build.0 = Release|Any CPU
		{D83CA5F2-4233-4840-94E4-5D521269D08C}.Debug|Any CPU.ActiveCfg = Debug|Any CPU
		{D83CA5F2-4233-4840-94E4-5D521269D08C}.Debug|Any CPU.Build.0 = Debug|Any CPU
		{D83CA5F2-4233-4840-94E4-5D521269D08C}.Release|Any CPU.ActiveCfg = Release|Any CPU
		{D83CA5F2-4233-4840-94E4-5D521269D08C}.Release|Any CPU.Build.0 = Release|Any CPU
		{24F9B55F-A5D8-4CFA-950F-0269226D9E4B}.Debug|Any CPU.ActiveCfg = Debug|Any CPU
		{24F9B55F-A5D8-4CFA-950F-0269226D9E4B}.Debug|Any CPU.Build.0 = Debug|Any CPU
		{24F9B55F-A5D8-4CFA-950F-0269226D9E4B}.Release|Any CPU.ActiveCfg = Release|Any CPU
		{24F9B55F-A5D8-4CFA-950F-0269226D9E4B}.Release|Any CPU.Build.0 = Release|Any CPU
		{700F5A37-BA40-417D-BCD4-22F84AA86131}.Debug|Any CPU.ActiveCfg = Debug|Any CPU
		{700F5A37-BA40-417D-BCD4-22F84AA86131}.Debug|Any CPU.Build.0 = Debug|Any CPU
		{700F5A37-BA40-417D-BCD4-22F84AA86131}.Release|Any CPU.ActiveCfg = Release|Any CPU
		{700F5A37-BA40-417D-BCD4-22F84AA86131}.Release|Any CPU.Build.0 = Release|Any CPU
		{C8F1ABD9-0486-4C8D-A683-C93D6B44FD03}.Debug|Any CPU.ActiveCfg = Debug|Any CPU
		{C8F1ABD9-0486-4C8D-A683-C93D6B44FD03}.Debug|Any CPU.Build.0 = Debug|Any CPU
		{C8F1ABD9-0486-4C8D-A683-C93D6B44FD03}.Release|Any CPU.ActiveCfg = Release|Any CPU
		{C8F1ABD9-0486-4C8D-A683-C93D6B44FD03}.Release|Any CPU.Build.0 = Release|Any CPU
		{900D136B-A4E3-4D9C-80AF-D5E2B97198EA}.Debug|Any CPU.ActiveCfg = Debug|Any CPU
		{900D136B-A4E3-4D9C-80AF-D5E2B97198EA}.Debug|Any CPU.Build.0 = Debug|Any CPU
		{900D136B-A4E3-4D9C-80AF-D5E2B97198EA}.Release|Any CPU.ActiveCfg = Release|Any CPU
		{900D136B-A4E3-4D9C-80AF-D5E2B97198EA}.Release|Any CPU.Build.0 = Release|Any CPU
		{C7DEC889-C2F9-4A60-8DB7-5AF51BDCBE60}.Debug|Any CPU.ActiveCfg = Debug|Any CPU
		{C7DEC889-C2F9-4A60-8DB7-5AF51BDCBE60}.Debug|Any CPU.Build.0 = Debug|Any CPU
		{C7DEC889-C2F9-4A60-8DB7-5AF51BDCBE60}.Release|Any CPU.ActiveCfg = Release|Any CPU
		{C7DEC889-C2F9-4A60-8DB7-5AF51BDCBE60}.Release|Any CPU.Build.0 = Release|Any CPU
		{759186AA-9579-4ADF-A334-A52B15204194}.Debug|Any CPU.ActiveCfg = Debug|Any CPU
		{759186AA-9579-4ADF-A334-A52B15204194}.Debug|Any CPU.Build.0 = Debug|Any CPU
		{759186AA-9579-4ADF-A334-A52B15204194}.Release|Any CPU.ActiveCfg = Release|Any CPU
		{759186AA-9579-4ADF-A334-A52B15204194}.Release|Any CPU.Build.0 = Release|Any CPU
		{C1399089-466B-4E0B-8889-B3E9CA76C6E6}.Debug|Any CPU.ActiveCfg = Debug|Any CPU
		{C1399089-466B-4E0B-8889-B3E9CA76C6E6}.Debug|Any CPU.Build.0 = Debug|Any CPU
		{C1399089-466B-4E0B-8889-B3E9CA76C6E6}.Release|Any CPU.ActiveCfg = Release|Any CPU
		{C1399089-466B-4E0B-8889-B3E9CA76C6E6}.Release|Any CPU.Build.0 = Release|Any CPU
		{438CFC6E-BCD8-421E-8AFB-D6BF168A4912}.Debug|Any CPU.ActiveCfg = Debug|Any CPU
		{438CFC6E-BCD8-421E-8AFB-D6BF168A4912}.Debug|Any CPU.Build.0 = Debug|Any CPU
		{438CFC6E-BCD8-421E-8AFB-D6BF168A4912}.Release|Any CPU.ActiveCfg = Release|Any CPU
		{438CFC6E-BCD8-421E-8AFB-D6BF168A4912}.Release|Any CPU.Build.0 = Release|Any CPU
		{DBD26A11-ABA3-497A-ADF6-1451762B768D}.Debug|Any CPU.ActiveCfg = Debug|Any CPU
		{DBD26A11-ABA3-497A-ADF6-1451762B768D}.Debug|Any CPU.Build.0 = Debug|Any CPU
		{DBD26A11-ABA3-497A-ADF6-1451762B768D}.Release|Any CPU.ActiveCfg = Release|Any CPU
		{DBD26A11-ABA3-497A-ADF6-1451762B768D}.Release|Any CPU.Build.0 = Release|Any CPU
		{EF6AB0A2-9EB8-4812-BE70-1AD1527FCEBE}.Debug|Any CPU.ActiveCfg = Debug|Any CPU
		{EF6AB0A2-9EB8-4812-BE70-1AD1527FCEBE}.Debug|Any CPU.Build.0 = Debug|Any CPU
		{EF6AB0A2-9EB8-4812-BE70-1AD1527FCEBE}.Release|Any CPU.ActiveCfg = Release|Any CPU
		{EF6AB0A2-9EB8-4812-BE70-1AD1527FCEBE}.Release|Any CPU.Build.0 = Release|Any CPU
		{2242783A-8B4D-4110-A0E8-5F2F9D454C2A}.Debug|Any CPU.ActiveCfg = Debug|Any CPU
		{2242783A-8B4D-4110-A0E8-5F2F9D454C2A}.Debug|Any CPU.Build.0 = Debug|Any CPU
		{2242783A-8B4D-4110-A0E8-5F2F9D454C2A}.Release|Any CPU.ActiveCfg = Release|Any CPU
		{2242783A-8B4D-4110-A0E8-5F2F9D454C2A}.Release|Any CPU.Build.0 = Release|Any CPU
		{A661AF07-86DA-4EE5-8FE4-B0D2F69A4678}.Debug|Any CPU.ActiveCfg = Debug|Any CPU
		{A661AF07-86DA-4EE5-8FE4-B0D2F69A4678}.Debug|Any CPU.Build.0 = Debug|Any CPU
		{A661AF07-86DA-4EE5-8FE4-B0D2F69A4678}.Release|Any CPU.ActiveCfg = Release|Any CPU
		{A661AF07-86DA-4EE5-8FE4-B0D2F69A4678}.Release|Any CPU.Build.0 = Release|Any CPU
		{621A1125-314C-46B8-B27D-23E3C8C9FF69}.Debug|Any CPU.ActiveCfg = Debug|Any CPU
		{621A1125-314C-46B8-B27D-23E3C8C9FF69}.Debug|Any CPU.Build.0 = Debug|Any CPU
		{621A1125-314C-46B8-B27D-23E3C8C9FF69}.Release|Any CPU.ActiveCfg = Release|Any CPU
		{621A1125-314C-46B8-B27D-23E3C8C9FF69}.Release|Any CPU.Build.0 = Release|Any CPU
		{4FBD48FB-0036-4C17-AE81-79C92CA2F2EC}.Debug|Any CPU.ActiveCfg = Debug|Any CPU
		{4FBD48FB-0036-4C17-AE81-79C92CA2F2EC}.Debug|Any CPU.Build.0 = Debug|Any CPU
		{4FBD48FB-0036-4C17-AE81-79C92CA2F2EC}.Release|Any CPU.ActiveCfg = Release|Any CPU
		{4FBD48FB-0036-4C17-AE81-79C92CA2F2EC}.Release|Any CPU.Build.0 = Release|Any CPU
		{5981841B-A3CF-49FE-9F90-59B8AF8A4BE6}.Debug|Any CPU.ActiveCfg = Debug|Any CPU
		{5981841B-A3CF-49FE-9F90-59B8AF8A4BE6}.Debug|Any CPU.Build.0 = Debug|Any CPU
		{5981841B-A3CF-49FE-9F90-59B8AF8A4BE6}.Release|Any CPU.ActiveCfg = Release|Any CPU
		{5981841B-A3CF-49FE-9F90-59B8AF8A4BE6}.Release|Any CPU.Build.0 = Release|Any CPU
		{BAE065CC-526E-44CF-AA73-663227F743BF}.Debug|Any CPU.ActiveCfg = Debug|Any CPU
		{BAE065CC-526E-44CF-AA73-663227F743BF}.Debug|Any CPU.Build.0 = Debug|Any CPU
		{BAE065CC-526E-44CF-AA73-663227F743BF}.Release|Any CPU.ActiveCfg = Release|Any CPU
		{BAE065CC-526E-44CF-AA73-663227F743BF}.Release|Any CPU.Build.0 = Release|Any CPU
		{6DD64476-15A7-4BE6-9F1D-510D71DE7F12}.Debug|Any CPU.ActiveCfg = Debug|Any CPU
		{6DD64476-15A7-4BE6-9F1D-510D71DE7F12}.Debug|Any CPU.Build.0 = Debug|Any CPU
		{6DD64476-15A7-4BE6-9F1D-510D71DE7F12}.Release|Any CPU.ActiveCfg = Release|Any CPU
		{6DD64476-15A7-4BE6-9F1D-510D71DE7F12}.Release|Any CPU.Build.0 = Release|Any CPU
		{CC480C53-C4EB-4473-BA34-764BC3AC1D3C}.Debug|Any CPU.ActiveCfg = Debug|Any CPU
		{CC480C53-C4EB-4473-BA34-764BC3AC1D3C}.Debug|Any CPU.Build.0 = Debug|Any CPU
		{CC480C53-C4EB-4473-BA34-764BC3AC1D3C}.Release|Any CPU.ActiveCfg = Release|Any CPU
		{CC480C53-C4EB-4473-BA34-764BC3AC1D3C}.Release|Any CPU.Build.0 = Release|Any CPU
		{8179814C-4CA7-49BF-94D6-1917A08BC1CE}.Debug|Any CPU.ActiveCfg = Debug|Any CPU
		{8179814C-4CA7-49BF-94D6-1917A08BC1CE}.Debug|Any CPU.Build.0 = Debug|Any CPU
		{8179814C-4CA7-49BF-94D6-1917A08BC1CE}.Release|Any CPU.ActiveCfg = Release|Any CPU
		{8179814C-4CA7-49BF-94D6-1917A08BC1CE}.Release|Any CPU.Build.0 = Release|Any CPU
		{031161D7-A182-4A68-BF81-0EB5DD3FDAAD}.Debug|Any CPU.ActiveCfg = Debug|Any CPU
		{031161D7-A182-4A68-BF81-0EB5DD3FDAAD}.Debug|Any CPU.Build.0 = Debug|Any CPU
		{031161D7-A182-4A68-BF81-0EB5DD3FDAAD}.Release|Any CPU.ActiveCfg = Release|Any CPU
		{031161D7-A182-4A68-BF81-0EB5DD3FDAAD}.Release|Any CPU.Build.0 = Release|Any CPU
		{D4470117-7E42-4C68-B3E6-29A42C16EE87}.Debug|Any CPU.ActiveCfg = Debug|Any CPU
		{D4470117-7E42-4C68-B3E6-29A42C16EE87}.Debug|Any CPU.Build.0 = Debug|Any CPU
		{D4470117-7E42-4C68-B3E6-29A42C16EE87}.Release|Any CPU.ActiveCfg = Release|Any CPU
		{D4470117-7E42-4C68-B3E6-29A42C16EE87}.Release|Any CPU.Build.0 = Release|Any CPU
		{A4CF6DAF-6D63-4638-9B7A-5C7F55CFE7B8}.Debug|Any CPU.ActiveCfg = Debug|Any CPU
		{A4CF6DAF-6D63-4638-9B7A-5C7F55CFE7B8}.Debug|Any CPU.Build.0 = Debug|Any CPU
		{A4CF6DAF-6D63-4638-9B7A-5C7F55CFE7B8}.Release|Any CPU.ActiveCfg = Release|Any CPU
		{A4CF6DAF-6D63-4638-9B7A-5C7F55CFE7B8}.Release|Any CPU.Build.0 = Release|Any CPU
		{88375B16-EDF1-4BD3-A7CE-AB4180C1D771}.Debug|Any CPU.ActiveCfg = Debug|Any CPU
		{88375B16-EDF1-4BD3-A7CE-AB4180C1D771}.Debug|Any CPU.Build.0 = Debug|Any CPU
		{88375B16-EDF1-4BD3-A7CE-AB4180C1D771}.Release|Any CPU.ActiveCfg = Release|Any CPU
		{88375B16-EDF1-4BD3-A7CE-AB4180C1D771}.Release|Any CPU.Build.0 = Release|Any CPU
		{9967679E-0852-49BE-A1CE-EACADCDB08C0}.Debug|Any CPU.ActiveCfg = Debug|Any CPU
		{9967679E-0852-49BE-A1CE-EACADCDB08C0}.Debug|Any CPU.Build.0 = Debug|Any CPU
		{9967679E-0852-49BE-A1CE-EACADCDB08C0}.Release|Any CPU.ActiveCfg = Release|Any CPU
		{9967679E-0852-49BE-A1CE-EACADCDB08C0}.Release|Any CPU.Build.0 = Release|Any CPU
		{B31AB86B-9D59-4498-A58E-BB98DE78D043}.Debug|Any CPU.ActiveCfg = Debug|Any CPU
		{B31AB86B-9D59-4498-A58E-BB98DE78D043}.Debug|Any CPU.Build.0 = Debug|Any CPU
		{B31AB86B-9D59-4498-A58E-BB98DE78D043}.Release|Any CPU.ActiveCfg = Release|Any CPU
		{B31AB86B-9D59-4498-A58E-BB98DE78D043}.Release|Any CPU.Build.0 = Release|Any CPU
		{3608062E-6EDD-4BAD-9A91-AA1F7B14A6E2}.Debug|Any CPU.ActiveCfg = Debug|Any CPU
		{3608062E-6EDD-4BAD-9A91-AA1F7B14A6E2}.Debug|Any CPU.Build.0 = Debug|Any CPU
		{3608062E-6EDD-4BAD-9A91-AA1F7B14A6E2}.Release|Any CPU.ActiveCfg = Release|Any CPU
		{3608062E-6EDD-4BAD-9A91-AA1F7B14A6E2}.Release|Any CPU.Build.0 = Release|Any CPU
		{C737AAF2-6B14-4F23-ACF0-EB318B1F44E5}.Debug|Any CPU.ActiveCfg = Debug|Any CPU
		{C737AAF2-6B14-4F23-ACF0-EB318B1F44E5}.Debug|Any CPU.Build.0 = Debug|Any CPU
		{C737AAF2-6B14-4F23-ACF0-EB318B1F44E5}.Release|Any CPU.ActiveCfg = Release|Any CPU
		{C737AAF2-6B14-4F23-ACF0-EB318B1F44E5}.Release|Any CPU.Build.0 = Release|Any CPU
		{429D7C1D-04D4-453B-825C-8E0CFB2C3BF0}.Debug|Any CPU.ActiveCfg = Debug|Any CPU
		{429D7C1D-04D4-453B-825C-8E0CFB2C3BF0}.Debug|Any CPU.Build.0 = Debug|Any CPU
		{429D7C1D-04D4-453B-825C-8E0CFB2C3BF0}.Release|Any CPU.ActiveCfg = Release|Any CPU
		{429D7C1D-04D4-453B-825C-8E0CFB2C3BF0}.Release|Any CPU.Build.0 = Release|Any CPU
		{0199E105-9204-4BA2-8FB7-B533425E3F93}.Debug|Any CPU.ActiveCfg = Debug|Any CPU
		{0199E105-9204-4BA2-8FB7-B533425E3F93}.Debug|Any CPU.Build.0 = Debug|Any CPU
		{0199E105-9204-4BA2-8FB7-B533425E3F93}.Release|Any CPU.ActiveCfg = Release|Any CPU
		{0199E105-9204-4BA2-8FB7-B533425E3F93}.Release|Any CPU.Build.0 = Release|Any CPU
		{B3C70528-73E1-4A24-BA75-48D4B95DE603}.Debug|Any CPU.ActiveCfg = Debug|Any CPU
		{B3C70528-73E1-4A24-BA75-48D4B95DE603}.Debug|Any CPU.Build.0 = Debug|Any CPU
		{B3C70528-73E1-4A24-BA75-48D4B95DE603}.Release|Any CPU.ActiveCfg = Release|Any CPU
		{B3C70528-73E1-4A24-BA75-48D4B95DE603}.Release|Any CPU.Build.0 = Release|Any CPU
		{9716FFE7-3617-4E04-B2ED-937439E7A064}.Debug|Any CPU.ActiveCfg = Debug|Any CPU
		{9716FFE7-3617-4E04-B2ED-937439E7A064}.Debug|Any CPU.Build.0 = Debug|Any CPU
		{9716FFE7-3617-4E04-B2ED-937439E7A064}.Release|Any CPU.ActiveCfg = Release|Any CPU
		{9716FFE7-3617-4E04-B2ED-937439E7A064}.Release|Any CPU.Build.0 = Release|Any CPU
		{1ECE63FD-9171-497A-B9E5-DCFA0F929E6E}.Debug|Any CPU.ActiveCfg = Debug|Any CPU
		{1ECE63FD-9171-497A-B9E5-DCFA0F929E6E}.Debug|Any CPU.Build.0 = Debug|Any CPU
		{1ECE63FD-9171-497A-B9E5-DCFA0F929E6E}.Release|Any CPU.ActiveCfg = Release|Any CPU
		{1ECE63FD-9171-497A-B9E5-DCFA0F929E6E}.Release|Any CPU.Build.0 = Release|Any CPU
		{01734D1D-32E3-4BF8-A541-C723FBC4604E}.Debug|Any CPU.ActiveCfg = Debug|Any CPU
		{01734D1D-32E3-4BF8-A541-C723FBC4604E}.Debug|Any CPU.Build.0 = Debug|Any CPU
		{01734D1D-32E3-4BF8-A541-C723FBC4604E}.Release|Any CPU.ActiveCfg = Release|Any CPU
		{01734D1D-32E3-4BF8-A541-C723FBC4604E}.Release|Any CPU.Build.0 = Release|Any CPU
		{1316DDE3-0A2E-4332-99EC-E77BA2731E30}.Debug|Any CPU.ActiveCfg = Debug|Any CPU
		{1316DDE3-0A2E-4332-99EC-E77BA2731E30}.Debug|Any CPU.Build.0 = Debug|Any CPU
		{1316DDE3-0A2E-4332-99EC-E77BA2731E30}.Release|Any CPU.ActiveCfg = Release|Any CPU
		{1316DDE3-0A2E-4332-99EC-E77BA2731E30}.Release|Any CPU.Build.0 = Release|Any CPU
		{31B116D8-9221-4D56-8A0B-69062B6A1127}.Debug|Any CPU.ActiveCfg = Debug|Any CPU
		{31B116D8-9221-4D56-8A0B-69062B6A1127}.Debug|Any CPU.Build.0 = Debug|Any CPU
		{31B116D8-9221-4D56-8A0B-69062B6A1127}.Release|Any CPU.ActiveCfg = Release|Any CPU
		{31B116D8-9221-4D56-8A0B-69062B6A1127}.Release|Any CPU.Build.0 = Release|Any CPU
	EndGlobalSection
	GlobalSection(SolutionProperties) = preSolution
		HideSolutionNode = FALSE
	EndGlobalSection
	GlobalSection(NestedProjects) = preSolution
		{44FDE9CE-8B1B-4C32-B579-D466513076B0} = {C7FC9742-2880-448A-ABDA-C729B030298B}
		{88E6C93D-73BD-4682-B0C1-EF37E799135F} = {C7FC9742-2880-448A-ABDA-C729B030298B}
		{D83CA5F2-4233-4840-94E4-5D521269D08C} = {C7FC9742-2880-448A-ABDA-C729B030298B}
		{24F9B55F-A5D8-4CFA-950F-0269226D9E4B} = {C7FC9742-2880-448A-ABDA-C729B030298B}
		{700F5A37-BA40-417D-BCD4-22F84AA86131} = {C7FC9742-2880-448A-ABDA-C729B030298B}
		{C8F1ABD9-0486-4C8D-A683-C93D6B44FD03} = {C7FC9742-2880-448A-ABDA-C729B030298B}
		{900D136B-A4E3-4D9C-80AF-D5E2B97198EA} = {C7FC9742-2880-448A-ABDA-C729B030298B}
		{C7DEC889-C2F9-4A60-8DB7-5AF51BDCBE60} = {C7FC9742-2880-448A-ABDA-C729B030298B}
		{759186AA-9579-4ADF-A334-A52B15204194} = {C7FC9742-2880-448A-ABDA-C729B030298B}
		{C1399089-466B-4E0B-8889-B3E9CA76C6E6} = {1CA185B8-D5EE-4A0E-9E25-AFC05B49B14A}
		{438CFC6E-BCD8-421E-8AFB-D6BF168A4912} = {1CA185B8-D5EE-4A0E-9E25-AFC05B49B14A}
		{DBD26A11-ABA3-497A-ADF6-1451762B768D} = {1CA185B8-D5EE-4A0E-9E25-AFC05B49B14A}
		{EF6AB0A2-9EB8-4812-BE70-1AD1527FCEBE} = {1CA185B8-D5EE-4A0E-9E25-AFC05B49B14A}
		{2242783A-8B4D-4110-A0E8-5F2F9D454C2A} = {1CA185B8-D5EE-4A0E-9E25-AFC05B49B14A}
		{A661AF07-86DA-4EE5-8FE4-B0D2F69A4678} = {0C9C0934-8482-4A2F-92AC-FF60F026215E}
		{621A1125-314C-46B8-B27D-23E3C8C9FF69} = {0C9C0934-8482-4A2F-92AC-FF60F026215E}
		{4FBD48FB-0036-4C17-AE81-79C92CA2F2EC} = {0C9C0934-8482-4A2F-92AC-FF60F026215E}
		{5981841B-A3CF-49FE-9F90-59B8AF8A4BE6} = {0C9C0934-8482-4A2F-92AC-FF60F026215E}
		{BAE065CC-526E-44CF-AA73-663227F743BF} = {0C9C0934-8482-4A2F-92AC-FF60F026215E}
		{6DD64476-15A7-4BE6-9F1D-510D71DE7F12} = {0C9C0934-8482-4A2F-92AC-FF60F026215E}
		{CC480C53-C4EB-4473-BA34-764BC3AC1D3C} = {0C9C0934-8482-4A2F-92AC-FF60F026215E}
		{8179814C-4CA7-49BF-94D6-1917A08BC1CE} = {0C9C0934-8482-4A2F-92AC-FF60F026215E}
		{031161D7-A182-4A68-BF81-0EB5DD3FDAAD} = {0C9C0934-8482-4A2F-92AC-FF60F026215E}
		{D4470117-7E42-4C68-B3E6-29A42C16EE87} = {3E994860-B4A3-4080-A35B-4857CA8ADCB4}
		{A4CF6DAF-6D63-4638-9B7A-5C7F55CFE7B8} = {3E994860-B4A3-4080-A35B-4857CA8ADCB4}
		{88375B16-EDF1-4BD3-A7CE-AB4180C1D771} = {3E994860-B4A3-4080-A35B-4857CA8ADCB4}
		{9967679E-0852-49BE-A1CE-EACADCDB08C0} = {3E994860-B4A3-4080-A35B-4857CA8ADCB4}
		{B31AB86B-9D59-4498-A58E-BB98DE78D043} = {3E994860-B4A3-4080-A35B-4857CA8ADCB4}
		{3608062E-6EDD-4BAD-9A91-AA1F7B14A6E2} = {3E994860-B4A3-4080-A35B-4857CA8ADCB4}
		{C737AAF2-6B14-4F23-ACF0-EB318B1F44E5} = {BAFC40CB-CE0E-43F6-926F-1EBF7325929D}
		{429D7C1D-04D4-453B-825C-8E0CFB2C3BF0} = {E9153F60-5A48-4887-9F70-3CC323C2162F}
		{0199E105-9204-4BA2-8FB7-B533425E3F93} = {E9153F60-5A48-4887-9F70-3CC323C2162F}
		{B3C70528-73E1-4A24-BA75-48D4B95DE603} = {D0570B85-C8CB-4835-8AF2-13926117DF34}
		{9716FFE7-3617-4E04-B2ED-937439E7A064} = {D0570B85-C8CB-4835-8AF2-13926117DF34}
		{1ECE63FD-9171-497A-B9E5-DCFA0F929E6E} = {D0570B85-C8CB-4835-8AF2-13926117DF34}
		{01734D1D-32E3-4BF8-A541-C723FBC4604E} = {D0570B85-C8CB-4835-8AF2-13926117DF34}
		{1316DDE3-0A2E-4332-99EC-E77BA2731E30} = {D0570B85-C8CB-4835-8AF2-13926117DF34}
		{31B116D8-9221-4D56-8A0B-69062B6A1127} = {D0570B85-C8CB-4835-8AF2-13926117DF34}
	EndGlobalSection
	GlobalSection(ExtensibilityGlobals) = postSolution
		SolutionGuid = {43507590-3425-41D1-B9B6-112069881C09}
	EndGlobalSection
EndGlobal
