
Microsoft Visual Studio Solution File, Format Version 12.00
# Visual Studio Version 16
VisualStudioVersion = 16.0.31911.196
MinimumVisualStudioVersion = 10.0.40219.1
Project("{FAE04EC0-301F-11D3-BF4B-00C04F79EFBC}") = "P01_HospitalDatabase", "P01_HospitalDatabase\P01_HospitalDatabase.csproj", "{BD3B5A71-16B3-4C18-815D-BF98D70C639C}"
EndProject
Global
	GlobalSection(SolutionConfigurationPlatforms) = preSolution
		Debug|Any CPU = Debug|Any CPU
		Release|Any CPU = Release|Any CPU
	EndGlobalSection
	GlobalSection(ProjectConfigurationPlatforms) = postSolution
		{BD3B5A71-16B3-4C18-815D-BF98D70C639C}.Debug|Any CPU.ActiveCfg = Debug|Any CPU
		{BD3B5A71-16B3-4C18-815D-BF98D70C639C}.Debug|Any CPU.Build.0 = Debug|Any CPU
		{BD3B5A71-16B3-4C18-815D-BF98D70C639C}.Release|Any CPU.ActiveCfg = Release|Any CPU
		{BD3B5A71-16B3-4C18-815D-BF98D70C639C}.Release|Any CPU.Build.0 = Release|Any CPU
	EndGlobalSection
	GlobalSection(SolutionProperties) = preSolution
		HideSolutionNode = FALSE
	EndGlobalSection
	GlobalSection(ExtensibilityGlobals) = postSolution
		SolutionGuid = {DE310AC0-0520-49AF-8BBE-B9103BBDB0A5}
	EndGlobalSection
EndGlobal
